
Microsoft Visual Studio Solution File, Format Version 12.00
# Visual Studio Version 16
VisualStudioVersion = 16.0.32106.194
MinimumVisualStudioVersion = 10.0.40219.1
Project("{2150E333-8FDC-42A3-9474-1A3956D46DE8}") = "Laba5", "Laba5", "{66270A73-4F1F-49FD-828B-A16C3EEE4BA9}"
EndProject
Project("{6EC3EE1D-3C4E-46DD-8F32-0CC8E7565705}") = "Program11", "Laba5\Program11\Program11.fsproj", "{FB8AB52E-465D-4F08-A9DE-3BFF8B2858AF}"
EndProject
Project("{6EC3EE1D-3C4E-46DD-8F32-0CC8E7565705}") = "Program12", "Laba5\Program12\Program12.fsproj", "{DC1610CD-A4AC-4C2F-8E9A-6BD55D057B7B}"
EndProject
Project("{6EC3EE1D-3C4E-46DD-8F32-0CC8E7565705}") = "Program13", "Laba5\Program13\Program13.fsproj", "{3DC0B97F-81D7-4664-82B1-0B5A7569889C}"
EndProject
Project("{6EC3EE1D-3C4E-46DD-8F32-0CC8E7565705}") = "Program14", "Laba5\Program14\Program14.fsproj", "{E82F9BA8-F4ED-4C21-B482-77BE9A0A2A5F}"
EndProject
Project("{6EC3EE1D-3C4E-46DD-8F32-0CC8E7565705}") = "Program17", "Laba5\Program17\Program17.fsproj", "{314FFFCA-243E-421E-B563-9D262A86F97F}"
EndProject
Project("{6EC3EE1D-3C4E-46DD-8F32-0CC8E7565705}") = "Program1516", "Laba5\Program1516\Program1516.fsproj", "{06795C1A-8BAC-4730-8D63-C9E29DD5EE29}"
EndProject
Project("{6EC3EE1D-3C4E-46DD-8F32-0CC8E7565705}") = "Program18", "Laba5\Program18\Program18.fsproj", "{7BB6CA2A-E911-44F4-80AA-DE3801F4CF5A}"
EndProject
Project("{6EC3EE1D-3C4E-46DD-8F32-0CC8E7565705}") = "Program20", "Laba5\Program20\Program20.fsproj", "{D6C8265C-0815-4E72-BD2F-3C42ED6F0320}"
EndProject
Project("{2150E333-8FDC-42A3-9474-1A3956D46DE8}") = "Laba7", "Laba7", "{4C678CCB-93CA-43BC-B7D1-C0499E517E4A}"
EndProject
Project("{F2A71F9B-5D33-465A-A702-920D77279786}") = "Narot", "Laba7\Narot\Narot.fsproj", "{52EEEFB1-D2C5-41BB-A18A-310868FB15CA}"
EndProject
Global
	GlobalSection(SolutionConfigurationPlatforms) = preSolution
		Debug|Any CPU = Debug|Any CPU
		Release|Any CPU = Release|Any CPU
	EndGlobalSection
	GlobalSection(ProjectConfigurationPlatforms) = postSolution
		{FB8AB52E-465D-4F08-A9DE-3BFF8B2858AF}.Debug|Any CPU.ActiveCfg = Debug|Any CPU
		{FB8AB52E-465D-4F08-A9DE-3BFF8B2858AF}.Debug|Any CPU.Build.0 = Debug|Any CPU
		{FB8AB52E-465D-4F08-A9DE-3BFF8B2858AF}.Release|Any CPU.ActiveCfg = Release|Any CPU
		{FB8AB52E-465D-4F08-A9DE-3BFF8B2858AF}.Release|Any CPU.Build.0 = Release|Any CPU
		{DC1610CD-A4AC-4C2F-8E9A-6BD55D057B7B}.Debug|Any CPU.ActiveCfg = Debug|Any CPU
		{DC1610CD-A4AC-4C2F-8E9A-6BD55D057B7B}.Debug|Any CPU.Build.0 = Debug|Any CPU
		{DC1610CD-A4AC-4C2F-8E9A-6BD55D057B7B}.Release|Any CPU.ActiveCfg = Release|Any CPU
		{DC1610CD-A4AC-4C2F-8E9A-6BD55D057B7B}.Release|Any CPU.Build.0 = Release|Any CPU
		{3DC0B97F-81D7-4664-82B1-0B5A7569889C}.Debug|Any CPU.ActiveCfg = Debug|Any CPU
		{3DC0B97F-81D7-4664-82B1-0B5A7569889C}.Debug|Any CPU.Build.0 = Debug|Any CPU
		{3DC0B97F-81D7-4664-82B1-0B5A7569889C}.Release|Any CPU.ActiveCfg = Release|Any CPU
		{3DC0B97F-81D7-4664-82B1-0B5A7569889C}.Release|Any CPU.Build.0 = Release|Any CPU
		{E82F9BA8-F4ED-4C21-B482-77BE9A0A2A5F}.Debug|Any CPU.ActiveCfg = Debug|Any CPU
		{E82F9BA8-F4ED-4C21-B482-77BE9A0A2A5F}.Debug|Any CPU.Build.0 = Debug|Any CPU
		{E82F9BA8-F4ED-4C21-B482-77BE9A0A2A5F}.Release|Any CPU.ActiveCfg = Release|Any CPU
		{E82F9BA8-F4ED-4C21-B482-77BE9A0A2A5F}.Release|Any CPU.Build.0 = Release|Any CPU
		{314FFFCA-243E-421E-B563-9D262A86F97F}.Debug|Any CPU.ActiveCfg = Debug|Any CPU
		{314FFFCA-243E-421E-B563-9D262A86F97F}.Debug|Any CPU.Build.0 = Debug|Any CPU
		{314FFFCA-243E-421E-B563-9D262A86F97F}.Release|Any CPU.ActiveCfg = Release|Any CPU
		{314FFFCA-243E-421E-B563-9D262A86F97F}.Release|Any CPU.Build.0 = Release|Any CPU
		{06795C1A-8BAC-4730-8D63-C9E29DD5EE29}.Debug|Any CPU.ActiveCfg = Debug|Any CPU
		{06795C1A-8BAC-4730-8D63-C9E29DD5EE29}.Debug|Any CPU.Build.0 = Debug|Any CPU
		{06795C1A-8BAC-4730-8D63-C9E29DD5EE29}.Release|Any CPU.ActiveCfg = Release|Any CPU
		{06795C1A-8BAC-4730-8D63-C9E29DD5EE29}.Release|Any CPU.Build.0 = Release|Any CPU
		{7BB6CA2A-E911-44F4-80AA-DE3801F4CF5A}.Debug|Any CPU.ActiveCfg = Debug|Any CPU
		{7BB6CA2A-E911-44F4-80AA-DE3801F4CF5A}.Debug|Any CPU.Build.0 = Debug|Any CPU
		{7BB6CA2A-E911-44F4-80AA-DE3801F4CF5A}.Release|Any CPU.ActiveCfg = Release|Any CPU
		{7BB6CA2A-E911-44F4-80AA-DE3801F4CF5A}.Release|Any CPU.Build.0 = Release|Any CPU
		{D6C8265C-0815-4E72-BD2F-3C42ED6F0320}.Debug|Any CPU.ActiveCfg = Debug|Any CPU
		{D6C8265C-0815-4E72-BD2F-3C42ED6F0320}.Debug|Any CPU.Build.0 = Debug|Any CPU
		{D6C8265C-0815-4E72-BD2F-3C42ED6F0320}.Release|Any CPU.ActiveCfg = Release|Any CPU
		{D6C8265C-0815-4E72-BD2F-3C42ED6F0320}.Release|Any CPU.Build.0 = Release|Any CPU
		{52EEEFB1-D2C5-41BB-A18A-310868FB15CA}.Debug|Any CPU.ActiveCfg = Debug|Any CPU
		{52EEEFB1-D2C5-41BB-A18A-310868FB15CA}.Debug|Any CPU.Build.0 = Debug|Any CPU
		{52EEEFB1-D2C5-41BB-A18A-310868FB15CA}.Release|Any CPU.ActiveCfg = Release|Any CPU
		{52EEEFB1-D2C5-41BB-A18A-310868FB15CA}.Release|Any CPU.Build.0 = Release|Any CPU
	EndGlobalSection
	GlobalSection(SolutionProperties) = preSolution
		HideSolutionNode = FALSE
	EndGlobalSection
	GlobalSection(NestedProjects) = preSolution
		{FB8AB52E-465D-4F08-A9DE-3BFF8B2858AF} = {66270A73-4F1F-49FD-828B-A16C3EEE4BA9}
		{DC1610CD-A4AC-4C2F-8E9A-6BD55D057B7B} = {66270A73-4F1F-49FD-828B-A16C3EEE4BA9}
		{3DC0B97F-81D7-4664-82B1-0B5A7569889C} = {66270A73-4F1F-49FD-828B-A16C3EEE4BA9}
		{314FFFCA-243E-421E-B563-9D262A86F97F} = {66270A73-4F1F-49FD-828B-A16C3EEE4BA9}
		{06795C1A-8BAC-4730-8D63-C9E29DD5EE29} = {66270A73-4F1F-49FD-828B-A16C3EEE4BA9}
		{52EEEFB1-D2C5-41BB-A18A-310868FB15CA} = {4C678CCB-93CA-43BC-B7D1-C0499E517E4A}
	EndGlobalSection
	GlobalSection(ExtensibilityGlobals) = postSolution
		SolutionGuid = {C0131DB0-5C4E-4296-987F-13E5DF6DF53E}
	EndGlobalSection
EndGlobal
