
Microsoft Visual Studio Solution File, Format Version 12.00
# Visual Studio Version 16
VisualStudioVersion = 16.0.32106.194
MinimumVisualStudioVersion = 10.0.40219.1
Project("{2150E333-8FDC-42A3-9474-1A3956D46DE8}") = "Laba5", "Laba5", "{66270A73-4F1F-49FD-828B-A16C3EEE4BA9}"
EndProject
Project("{F2A71F9B-5D33-465A-A702-920D77279786}") = "Program11", "Laba5\Program11\Program11.fsproj", "{FB8AB52E-465D-4F08-A9DE-3BFF8B2858AF}"
EndProject
Global
	GlobalSection(SolutionConfigurationPlatforms) = preSolution
		Debug|Any CPU = Debug|Any CPU
		Release|Any CPU = Release|Any CPU
	EndGlobalSection
	GlobalSection(ProjectConfigurationPlatforms) = postSolution
		{FB8AB52E-465D-4F08-A9DE-3BFF8B2858AF}.Debug|Any CPU.ActiveCfg = Debug|Any CPU
		{FB8AB52E-465D-4F08-A9DE-3BFF8B2858AF}.Debug|Any CPU.Build.0 = Debug|Any CPU
		{FB8AB52E-465D-4F08-A9DE-3BFF8B2858AF}.Release|Any CPU.ActiveCfg = Release|Any CPU
		{FB8AB52E-465D-4F08-A9DE-3BFF8B2858AF}.Release|Any CPU.Build.0 = Release|Any CPU
	EndGlobalSection
	GlobalSection(SolutionProperties) = preSolution
		HideSolutionNode = FALSE
	EndGlobalSection
	GlobalSection(NestedProjects) = preSolution
		{FB8AB52E-465D-4F08-A9DE-3BFF8B2858AF} = {66270A73-4F1F-49FD-828B-A16C3EEE4BA9}
	EndGlobalSection
	GlobalSection(ExtensibilityGlobals) = postSolution
		SolutionGuid = {C0131DB0-5C4E-4296-987F-13E5DF6DF53E}
	EndGlobalSection
EndGlobal
