
Microsoft Visual Studio Solution File, Format Version 12.00
# Visual Studio Version 16
VisualStudioVersion = 16.0.32106.194
MinimumVisualStudioVersion = 10.0.40219.1
Project("{2150E333-8FDC-42A3-9474-1A3956D46DE8}") = "Laba6", "Laba6", "{C835D68F-9FB4-4BAC-8D74-215C38F0EC2D}"
EndProject
Project("{6EC3EE1D-3C4E-46DD-8F32-0CC8E7565705}") = "Program11", "Program11\Program11.fsproj", "{05A0E5CB-B460-42B6-8FE4-3EF58CDA893F}"
EndProject
Project("{6EC3EE1D-3C4E-46DD-8F32-0CC8E7565705}") = "Program38", "Program38\Program38.fsproj", "{D319B34B-D4DD-457F-B8FA-8FEC69C85054}"
EndProject
Project("{6EC3EE1D-3C4E-46DD-8F32-0CC8E7565705}") = "Program44", "Program44\Program44.fsproj", "{99656205-75BE-459A-8977-2FC2A1E581D5}"
EndProject
Project("{6EC3EE1D-3C4E-46DD-8F32-0CC8E7565705}") = "Program7", "Program7\Program7.fsproj", "{236F43C8-9F8F-4D7C-81FC-0E7FBF879C50}"
EndProject
Project("{6EC3EE1D-3C4E-46DD-8F32-0CC8E7565705}") = "Program8", "Program8\Program8.fsproj", "{C07E8A82-6BD4-4B86-BD85-D7BD1350E9B6}"
EndProject
Project("{6EC3EE1D-3C4E-46DD-8F32-0CC8E7565705}") = "Program18", "Program18\Program18.fsproj", "{DC5D95D0-228E-4B0A-8282-7EBB47644AA8}"
EndProject
Project("{6EC3EE1D-3C4E-46DD-8F32-0CC8E7565705}") = "Program20", "Program20\Program20.fsproj", "{AA083CD5-82FC-4F3F-B75A-6036C78F0D64}"
EndProject
Project("{6EC3EE1D-3C4E-46DD-8F32-0CC8E7565705}") = "Program32", "Program32\Program32.fsproj", "{EF0810AC-3B61-425B-9801-4556FED402BC}"
EndProject
Project("{6EC3EE1D-3C4E-46DD-8F32-0CC8E7565705}") = "Program35", "Program35\Program35.fsproj", "{F98BD28D-83EB-419C-9990-B819E81A5993}"
EndProject
Project("{F2A71F9B-5D33-465A-A702-920D77279786}") = "Program56", "Program56\Program56.fsproj", "{5A0825EC-634E-4239-BC1C-F07C09070621}"
EndProject
Global
	GlobalSection(SolutionConfigurationPlatforms) = preSolution
		Debug|Any CPU = Debug|Any CPU
		Release|Any CPU = Release|Any CPU
	EndGlobalSection
	GlobalSection(ProjectConfigurationPlatforms) = postSolution
		{05A0E5CB-B460-42B6-8FE4-3EF58CDA893F}.Debug|Any CPU.ActiveCfg = Debug|Any CPU
		{05A0E5CB-B460-42B6-8FE4-3EF58CDA893F}.Debug|Any CPU.Build.0 = Debug|Any CPU
		{05A0E5CB-B460-42B6-8FE4-3EF58CDA893F}.Release|Any CPU.ActiveCfg = Release|Any CPU
		{05A0E5CB-B460-42B6-8FE4-3EF58CDA893F}.Release|Any CPU.Build.0 = Release|Any CPU
		{D319B34B-D4DD-457F-B8FA-8FEC69C85054}.Debug|Any CPU.ActiveCfg = Debug|Any CPU
		{D319B34B-D4DD-457F-B8FA-8FEC69C85054}.Debug|Any CPU.Build.0 = Debug|Any CPU
		{D319B34B-D4DD-457F-B8FA-8FEC69C85054}.Release|Any CPU.ActiveCfg = Release|Any CPU
		{D319B34B-D4DD-457F-B8FA-8FEC69C85054}.Release|Any CPU.Build.0 = Release|Any CPU
		{99656205-75BE-459A-8977-2FC2A1E581D5}.Debug|Any CPU.ActiveCfg = Debug|Any CPU
		{99656205-75BE-459A-8977-2FC2A1E581D5}.Debug|Any CPU.Build.0 = Debug|Any CPU
		{99656205-75BE-459A-8977-2FC2A1E581D5}.Release|Any CPU.ActiveCfg = Release|Any CPU
		{99656205-75BE-459A-8977-2FC2A1E581D5}.Release|Any CPU.Build.0 = Release|Any CPU
		{236F43C8-9F8F-4D7C-81FC-0E7FBF879C50}.Debug|Any CPU.ActiveCfg = Debug|Any CPU
		{236F43C8-9F8F-4D7C-81FC-0E7FBF879C50}.Debug|Any CPU.Build.0 = Debug|Any CPU
		{236F43C8-9F8F-4D7C-81FC-0E7FBF879C50}.Release|Any CPU.ActiveCfg = Release|Any CPU
		{236F43C8-9F8F-4D7C-81FC-0E7FBF879C50}.Release|Any CPU.Build.0 = Release|Any CPU
		{C07E8A82-6BD4-4B86-BD85-D7BD1350E9B6}.Debug|Any CPU.ActiveCfg = Debug|Any CPU
		{C07E8A82-6BD4-4B86-BD85-D7BD1350E9B6}.Debug|Any CPU.Build.0 = Debug|Any CPU
		{C07E8A82-6BD4-4B86-BD85-D7BD1350E9B6}.Release|Any CPU.ActiveCfg = Release|Any CPU
		{C07E8A82-6BD4-4B86-BD85-D7BD1350E9B6}.Release|Any CPU.Build.0 = Release|Any CPU
		{DC5D95D0-228E-4B0A-8282-7EBB47644AA8}.Debug|Any CPU.ActiveCfg = Debug|Any CPU
		{DC5D95D0-228E-4B0A-8282-7EBB47644AA8}.Debug|Any CPU.Build.0 = Debug|Any CPU
		{DC5D95D0-228E-4B0A-8282-7EBB47644AA8}.Release|Any CPU.ActiveCfg = Release|Any CPU
		{DC5D95D0-228E-4B0A-8282-7EBB47644AA8}.Release|Any CPU.Build.0 = Release|Any CPU
		{AA083CD5-82FC-4F3F-B75A-6036C78F0D64}.Debug|Any CPU.ActiveCfg = Debug|Any CPU
		{AA083CD5-82FC-4F3F-B75A-6036C78F0D64}.Debug|Any CPU.Build.0 = Debug|Any CPU
		{AA083CD5-82FC-4F3F-B75A-6036C78F0D64}.Release|Any CPU.ActiveCfg = Release|Any CPU
		{AA083CD5-82FC-4F3F-B75A-6036C78F0D64}.Release|Any CPU.Build.0 = Release|Any CPU
		{EF0810AC-3B61-425B-9801-4556FED402BC}.Debug|Any CPU.ActiveCfg = Debug|Any CPU
		{EF0810AC-3B61-425B-9801-4556FED402BC}.Debug|Any CPU.Build.0 = Debug|Any CPU
		{EF0810AC-3B61-425B-9801-4556FED402BC}.Release|Any CPU.ActiveCfg = Release|Any CPU
		{EF0810AC-3B61-425B-9801-4556FED402BC}.Release|Any CPU.Build.0 = Release|Any CPU
		{F98BD28D-83EB-419C-9990-B819E81A5993}.Debug|Any CPU.ActiveCfg = Debug|Any CPU
		{F98BD28D-83EB-419C-9990-B819E81A5993}.Debug|Any CPU.Build.0 = Debug|Any CPU
		{F98BD28D-83EB-419C-9990-B819E81A5993}.Release|Any CPU.ActiveCfg = Release|Any CPU
		{F98BD28D-83EB-419C-9990-B819E81A5993}.Release|Any CPU.Build.0 = Release|Any CPU
		{5A0825EC-634E-4239-BC1C-F07C09070621}.Debug|Any CPU.ActiveCfg = Debug|Any CPU
		{5A0825EC-634E-4239-BC1C-F07C09070621}.Debug|Any CPU.Build.0 = Debug|Any CPU
		{5A0825EC-634E-4239-BC1C-F07C09070621}.Release|Any CPU.ActiveCfg = Release|Any CPU
		{5A0825EC-634E-4239-BC1C-F07C09070621}.Release|Any CPU.Build.0 = Release|Any CPU
	EndGlobalSection
	GlobalSection(SolutionProperties) = preSolution
		HideSolutionNode = FALSE
	EndGlobalSection
	GlobalSection(NestedProjects) = preSolution
		{05A0E5CB-B460-42B6-8FE4-3EF58CDA893F} = {C835D68F-9FB4-4BAC-8D74-215C38F0EC2D}
		{D319B34B-D4DD-457F-B8FA-8FEC69C85054} = {C835D68F-9FB4-4BAC-8D74-215C38F0EC2D}
		{99656205-75BE-459A-8977-2FC2A1E581D5} = {C835D68F-9FB4-4BAC-8D74-215C38F0EC2D}
		{236F43C8-9F8F-4D7C-81FC-0E7FBF879C50} = {C835D68F-9FB4-4BAC-8D74-215C38F0EC2D}
		{C07E8A82-6BD4-4B86-BD85-D7BD1350E9B6} = {C835D68F-9FB4-4BAC-8D74-215C38F0EC2D}
		{AA083CD5-82FC-4F3F-B75A-6036C78F0D64} = {C835D68F-9FB4-4BAC-8D74-215C38F0EC2D}
		{EF0810AC-3B61-425B-9801-4556FED402BC} = {C835D68F-9FB4-4BAC-8D74-215C38F0EC2D}
		{F98BD28D-83EB-419C-9990-B819E81A5993} = {C835D68F-9FB4-4BAC-8D74-215C38F0EC2D}
		{5A0825EC-634E-4239-BC1C-F07C09070621} = {C835D68F-9FB4-4BAC-8D74-215C38F0EC2D}
	EndGlobalSection
	GlobalSection(ExtensibilityGlobals) = postSolution
		SolutionGuid = {FD9C63A4-E4E8-4C2D-ADB5-699691B9926C}
	EndGlobalSection
EndGlobal
